
Microsoft Visual Studio Solution File, Format Version 12.00
# Visual Studio Version 16
VisualStudioVersion = 16.0.30011.22
MinimumVisualStudioVersion = 10.0.40219.1
Project("{FAE04EC0-301F-11D3-BF4B-00C04F79EFBC}") = "Fruit", "Fruit.csproj", "{47C2E1E6-359C-467D-99AF-6A5B9195D373}"
EndProject
Global
	GlobalSection(SolutionConfigurationPlatforms) = preSolution
		Debug|Any CPU = Debug|Any CPU
		Release|Any CPU = Release|Any CPU
	EndGlobalSection
	GlobalSection(ProjectConfigurationPlatforms) = postSolution
		{47C2E1E6-359C-467D-99AF-6A5B9195D373}.Debug|Any CPU.ActiveCfg = Debug|Any CPU
		{47C2E1E6-359C-467D-99AF-6A5B9195D373}.Debug|Any CPU.Build.0 = Debug|Any CPU
		{47C2E1E6-359C-467D-99AF-6A5B9195D373}.Release|Any CPU.ActiveCfg = Release|Any CPU
		{47C2E1E6-359C-467D-99AF-6A5B9195D373}.Release|Any CPU.Build.0 = Release|Any CPU
	EndGlobalSection
	GlobalSection(SolutionProperties) = preSolution
		HideSolutionNode = FALSE
	EndGlobalSection
	GlobalSection(ExtensibilityGlobals) = postSolution
		SolutionGuid = {4B3EB0AB-7EAD-4BDD-A0B3-7D98D1B8BD3F}
	EndGlobalSection
EndGlobal
